// !$*UTF8*$!
{
	archiveVersion = 1;
	classes = {
	};
	objectVersion = 50;
	objects = {

/* Begin PBXBuildFile section */
		04769C6E24A1C008005A69E8 /* AppDelegate.swift in Sources */ = {isa = PBXBuildFile; fileRef = 04769C6D24A1C008005A69E8 /* AppDelegate.swift */; };
		04769C7024A1C008005A69E8 /* SceneDelegate.swift in Sources */ = {isa = PBXBuildFile; fileRef = 04769C6F24A1C008005A69E8 /* SceneDelegate.swift */; };
		04769C7224A1C008005A69E8 /* ViewController.swift in Sources */ = {isa = PBXBuildFile; fileRef = 04769C7124A1C008005A69E8 /* ViewController.swift */; };
		04769C7524A1C008005A69E8 /* Main.storyboard in Resources */ = {isa = PBXBuildFile; fileRef = 04769C7324A1C008005A69E8 /* Main.storyboard */; };
		04769C7724A1C009005A69E8 /* Assets.xcassets in Resources */ = {isa = PBXBuildFile; fileRef = 04769C7624A1C009005A69E8 /* Assets.xcassets */; };
		04769C7A24A1C009005A69E8 /* LaunchScreen.storyboard in Resources */ = {isa = PBXBuildFile; fileRef = 04769C7824A1C009005A69E8 /* LaunchScreen.storyboard */; };
		04769C8224A1C02C005A69E8 /* GoogleService-Info.plist in Resources */ = {isa = PBXBuildFile; fileRef = 04769C8124A1C02C005A69E8 /* GoogleService-Info.plist */; };
		23DCE7E015EC7A2B97FCFDA8 /* Pods_Messaging_App.framework in Frameworks */ = {isa = PBXBuildFile; fileRef = 1E0513E70492EB7C772A9AC5 /* Pods_Messaging_App.framework */; };
/* End PBXBuildFile section */

/* Begin PBXFileReference section */
		04769C6A24A1C008005A69E8 /* Messaging App.app */ = {isa = PBXFileReference; explicitFileType = wrapper.application; includeInIndex = 0; path = "Messaging App.app"; sourceTree = BUILT_PRODUCTS_DIR; };
		04769C6D24A1C008005A69E8 /* AppDelegate.swift */ = {isa = PBXFileReference; lastKnownFileType = sourcecode.swift; path = AppDelegate.swift; sourceTree = "<group>"; };
		04769C6F24A1C008005A69E8 /* SceneDelegate.swift */ = {isa = PBXFileReference; lastKnownFileType = sourcecode.swift; path = SceneDelegate.swift; sourceTree = "<group>"; };
		04769C7124A1C008005A69E8 /* ViewController.swift */ = {isa = PBXFileReference; lastKnownFileType = sourcecode.swift; path = ViewController.swift; sourceTree = "<group>"; };
		04769C7424A1C008005A69E8 /* Base */ = {isa = PBXFileReference; lastKnownFileType = file.storyboard; name = Base; path = Base.lproj/Main.storyboard; sourceTree = "<group>"; };
		04769C7624A1C009005A69E8 /* Assets.xcassets */ = {isa = PBXFileReference; lastKnownFileType = folder.assetcatalog; path = Assets.xcassets; sourceTree = "<group>"; };
		04769C7924A1C009005A69E8 /* Base */ = {isa = PBXFileReference; lastKnownFileType = file.storyboard; name = Base; path = Base.lproj/LaunchScreen.storyboard; sourceTree = "<group>"; };
		04769C7B24A1C009005A69E8 /* Info.plist */ = {isa = PBXFileReference; lastKnownFileType = text.plist.xml; path = Info.plist; sourceTree = "<group>"; };
		04769C8124A1C02C005A69E8 /* GoogleService-Info.plist */ = {isa = PBXFileReference; fileEncoding = 4; lastKnownFileType = text.plist.xml; path = "GoogleService-Info.plist"; sourceTree = "<group>"; };
		1E0513E70492EB7C772A9AC5 /* Pods_Messaging_App.framework */ = {isa = PBXFileReference; explicitFileType = wrapper.framework; includeInIndex = 0; path = Pods_Messaging_App.framework; sourceTree = BUILT_PRODUCTS_DIR; };
		D1C2D4B8465A64176309A042 /* Pods-Messaging App.debug.xcconfig */ = {isa = PBXFileReference; includeInIndex = 1; lastKnownFileType = text.xcconfig; name = "Pods-Messaging App.debug.xcconfig"; path = "Target Support Files/Pods-Messaging App/Pods-Messaging App.debug.xcconfig"; sourceTree = "<group>"; };
		F59C69455330E779A6B53605 /* Pods-Messaging App.release.xcconfig */ = {isa = PBXFileReference; includeInIndex = 1; lastKnownFileType = text.xcconfig; name = "Pods-Messaging App.release.xcconfig"; path = "Target Support Files/Pods-Messaging App/Pods-Messaging App.release.xcconfig"; sourceTree = "<group>"; };
/* End PBXFileReference section */

/* Begin PBXFrameworksBuildPhase section */
		04769C6724A1C008005A69E8 /* Frameworks */ = {
			isa = PBXFrameworksBuildPhase;
			buildActionMask = 2147483647;
			files = (
				23DCE7E015EC7A2B97FCFDA8 /* Pods_Messaging_App.framework in Frameworks */,
			);
			runOnlyForDeploymentPostprocessing = 0;
		};
/* End PBXFrameworksBuildPhase section */

/* Begin PBXGroup section */
		04769C6124A1C008005A69E8 = {
			isa = PBXGroup;
			children = (
				04769C6C24A1C008005A69E8 /* Messaging App */,
				04769C6B24A1C008005A69E8 /* Products */,
				5D5790D8611DCD4A04392DDC /* Pods */,
				DF7E2CE85ED0AA5CB4EA1243 /* Frameworks */,
			);
			sourceTree = "<group>";
		};
		04769C6B24A1C008005A69E8 /* Products */ = {
			isa = PBXGroup;
			children = (
				04769C6A24A1C008005A69E8 /* Messaging App.app */,
			);
			name = Products;
			sourceTree = "<group>";
		};
		04769C6C24A1C008005A69E8 /* Messaging App */ = {
			isa = PBXGroup;
			children = (
				04769C6D24A1C008005A69E8 /* AppDelegate.swift */,
				04769C6F24A1C008005A69E8 /* SceneDelegate.swift */,
				04769C7124A1C008005A69E8 /* ViewController.swift */,
				04769C7324A1C008005A69E8 /* Main.storyboard */,
				04769C7624A1C009005A69E8 /* Assets.xcassets */,
				04769C7824A1C009005A69E8 /* LaunchScreen.storyboard */,
				04769C7B24A1C009005A69E8 /* Info.plist */,
				04769C8124A1C02C005A69E8 /* GoogleService-Info.plist */,
			);
			path = "Messaging App";
			sourceTree = "<group>";
		};
		5D5790D8611DCD4A04392DDC /* Pods */ = {
			isa = PBXGroup;
			children = (
				D1C2D4B8465A64176309A042 /* Pods-Messaging App.debug.xcconfig */,
				F59C69455330E779A6B53605 /* Pods-Messaging App.release.xcconfig */,
			);
			name = Pods;
			path = Pods;
			sourceTree = "<group>";
		};
		DF7E2CE85ED0AA5CB4EA1243 /* Frameworks */ = {
			isa = PBXGroup;
			children = (
				1E0513E70492EB7C772A9AC5 /* Pods_Messaging_App.framework */,
			);
			name = Frameworks;
			sourceTree = "<group>";
		};
/* End PBXGroup section */

/* Begin PBXNativeTarget section */
		04769C6924A1C008005A69E8 /* Messaging App */ = {
			isa = PBXNativeTarget;
			buildConfigurationList = 04769C7E24A1C009005A69E8 /* Build configuration list for PBXNativeTarget "Messaging App" */;
			buildPhases = (
				3102642503CC113053A189A0 /* [CP] Check Pods Manifest.lock */,
				04769C6624A1C008005A69E8 /* Sources */,
				04769C6724A1C008005A69E8 /* Frameworks */,
				04769C6824A1C008005A69E8 /* Resources */,
				4F54341AE74361A6548CEADD /* [CP] Embed Pods Frameworks */,
			);
			buildRules = (
			);
			dependencies = (
			);
			name = "Messaging App";
			productName = "Messaging App";
			productReference = 04769C6A24A1C008005A69E8 /* Messaging App.app */;
			productType = "com.apple.product-type.application";
		};
/* End PBXNativeTarget section */

/* Begin PBXProject section */
		04769C6224A1C008005A69E8 /* Project object */ = {
			isa = PBXProject;
			attributes = {
				LastSwiftUpdateCheck = 1150;
				LastUpgradeCheck = 1150;
				ORGANIZATIONNAME = "村尾慶伸";
				TargetAttributes = {
					04769C6924A1C008005A69E8 = {
						CreatedOnToolsVersion = 11.5;
					};
				};
			};
			buildConfigurationList = 04769C6524A1C008005A69E8 /* Build configuration list for PBXProject "Messaging App" */;
			compatibilityVersion = "Xcode 9.3";
			developmentRegion = en;
			hasScannedForEncodings = 0;
			knownRegions = (
				en,
				Base,
			);
			mainGroup = 04769C6124A1C008005A69E8;
			productRefGroup = 04769C6B24A1C008005A69E8 /* Products */;
			projectDirPath = "";
			projectRoot = "";
			targets = (
				04769C6924A1C008005A69E8 /* Messaging App */,
			);
		};
/* End PBXProject section */

/* Begin PBXResourcesBuildPhase section */
		04769C6824A1C008005A69E8 /* Resources */ = {
			isa = PBXResourcesBuildPhase;
			buildActionMask = 2147483647;
			files = (
				04769C7A24A1C009005A69E8 /* LaunchScreen.storyboard in Resources */,
				04769C8224A1C02C005A69E8 /* GoogleService-Info.plist in Resources */,
				04769C7724A1C009005A69E8 /* Assets.xcassets in Resources */,
				04769C7524A1C008005A69E8 /* Main.storyboard in Resources */,
			);
			runOnlyForDeploymentPostprocessing = 0;
		};
/* End PBXResourcesBuildPhase section */

/* Begin PBXShellScriptBuildPhase section */
		3102642503CC113053A189A0 /* [CP] Check Pods Manifest.lock */ = {
			isa = PBXShellScriptBuildPhase;
			buildActionMask = 2147483647;
			files = (
			);
			inputFileListPaths = (
			);
			inputPaths = (
				"${PODS_PODFILE_DIR_PATH}/Podfile.lock",
				"${PODS_ROOT}/Manifest.lock",
			);
			name = "[CP] Check Pods Manifest.lock";
			outputFileListPaths = (
			);
			outputPaths = (
				"$(DERIVED_FILE_DIR)/Pods-Messaging App-checkManifestLockResult.txt",
			);
			runOnlyForDeploymentPostprocessing = 0;
			shellPath = /bin/sh;
			shellScript = "diff \"${PODS_PODFILE_DIR_PATH}/Podfile.lock\" \"${PODS_ROOT}/Manifest.lock\" > /dev/null\nif [ $? != 0 ] ; then\n    # print error to STDERR\n    echo \"error: The sandbox is not in sync with the Podfile.lock. Run 'pod install' or update your CocoaPods installation.\" >&2\n    exit 1\nfi\n# This output is used by Xcode 'outputs' to avoid re-running this script phase.\necho \"SUCCESS\" > \"${SCRIPT_OUTPUT_FILE_0}\"\n";
			showEnvVarsInLog = 0;
		};
		4F54341AE74361A6548CEADD /* [CP] Embed Pods Frameworks */ = {
			isa = PBXShellScriptBuildPhase;
			buildActionMask = 2147483647;
			files = (
			);
			inputFileListPaths = (
				"${PODS_ROOT}/Target Support Files/Pods-Messaging App/Pods-Messaging App-frameworks-${CONFIGURATION}-input-files.xcfilelist",
			);
			name = "[CP] Embed Pods Frameworks";
			outputFileListPaths = (
				"${PODS_ROOT}/Target Support Files/Pods-Messaging App/Pods-Messaging App-frameworks-${CONFIGURATION}-output-files.xcfilelist",
			);
			runOnlyForDeploymentPostprocessing = 0;
			shellPath = /bin/sh;
			shellScript = "\"${PODS_ROOT}/Target Support Files/Pods-Messaging App/Pods-Messaging App-frameworks.sh\"\n";
			showEnvVarsInLog = 0;
		};
/* End PBXShellScriptBuildPhase section */

/* Begin PBXSourcesBuildPhase section */
		04769C6624A1C008005A69E8 /* Sources */ = {
			isa = PBXSourcesBuildPhase;
			buildActionMask = 2147483647;
			files = (
				04769C7224A1C008005A69E8 /* ViewController.swift in Sources */,
				04769C6E24A1C008005A69E8 /* AppDelegate.swift in Sources */,
				04769C7024A1C008005A69E8 /* SceneDelegate.swift in Sources */,
			);
			runOnlyForDeploymentPostprocessing = 0;
		};
/* End PBXSourcesBuildPhase section */

/* Begin PBXVariantGroup section */
		04769C7324A1C008005A69E8 /* Main.storyboard */ = {
			isa = PBXVariantGroup;
			children = (
				04769C7424A1C008005A69E8 /* Base */,
			);
			name = Main.storyboard;
			sourceTree = "<group>";
		};
		04769C7824A1C009005A69E8 /* LaunchScreen.storyboard */ = {
			isa = PBXVariantGroup;
			children = (
				04769C7924A1C009005A69E8 /* Base */,
			);
			name = LaunchScreen.storyboard;
			sourceTree = "<group>";
		};
/* End PBXVariantGroup section */

/* Begin XCBuildConfiguration section */
		04769C7C24A1C009005A69E8 /* Debug */ = {
			isa = XCBuildConfiguration;
			buildSettings = {
				ALWAYS_SEARCH_USER_PATHS = NO;
				CLANG_ANALYZER_NONNULL = YES;
				CLANG_ANALYZER_NUMBER_OBJECT_CONVERSION = YES_AGGRESSIVE;
				CLANG_CXX_LANGUAGE_STANDARD = "gnu++14";
				CLANG_CXX_LIBRARY = "libc++";
				CLANG_ENABLE_MODULES = YES;
				CLANG_ENABLE_OBJC_ARC = YES;
				CLANG_ENABLE_OBJC_WEAK = YES;
				CLANG_WARN_BLOCK_CAPTURE_AUTORELEASING = YES;
				CLANG_WARN_BOOL_CONVERSION = YES;
				CLANG_WARN_COMMA = YES;
				CLANG_WARN_CONSTANT_CONVERSION = YES;
				CLANG_WARN_DEPRECATED_OBJC_IMPLEMENTATIONS = YES;
				CLANG_WARN_DIRECT_OBJC_ISA_USAGE = YES_ERROR;
				CLANG_WARN_DOCUMENTATION_COMMENTS = YES;
				CLANG_WARN_EMPTY_BODY = YES;
				CLANG_WARN_ENUM_CONVERSION = YES;
				CLANG_WARN_INFINITE_RECURSION = YES;
				CLANG_WARN_INT_CONVERSION = YES;
				CLANG_WARN_NON_LITERAL_NULL_CONVERSION = YES;
				CLANG_WARN_OBJC_IMPLICIT_RETAIN_SELF = YES;
				CLANG_WARN_OBJC_LITERAL_CONVERSION = YES;
				CLANG_WARN_OBJC_ROOT_CLASS = YES_ERROR;
				CLANG_WARN_RANGE_LOOP_ANALYSIS = YES;
				CLANG_WARN_STRICT_PROTOTYPES = YES;
				CLANG_WARN_SUSPICIOUS_MOVE = YES;
				CLANG_WARN_UNGUARDED_AVAILABILITY = YES_AGGRESSIVE;
				CLANG_WARN_UNREACHABLE_CODE = YES;
				CLANG_WARN__DUPLICATE_METHOD_MATCH = YES;
				COPY_PHASE_STRIP = NO;
				DEBUG_INFORMATION_FORMAT = dwarf;
				ENABLE_STRICT_OBJC_MSGSEND = YES;
				ENABLE_TESTABILITY = YES;
				GCC_C_LANGUAGE_STANDARD = gnu11;
				GCC_DYNAMIC_NO_PIC = NO;
				GCC_NO_COMMON_BLOCKS = YES;
				GCC_OPTIMIZATION_LEVEL = 0;
				GCC_PREPROCESSOR_DEFINITIONS = (
					"DEBUG=1",
					"$(inherited)",
				);
				GCC_WARN_64_TO_32_BIT_CONVERSION = YES;
				GCC_WARN_ABOUT_RETURN_TYPE = YES_ERROR;
				GCC_WARN_UNDECLARED_SELECTOR = YES;
				GCC_WARN_UNINITIALIZED_AUTOS = YES_AGGRESSIVE;
				GCC_WARN_UNUSED_FUNCTION = YES;
				GCC_WARN_UNUSED_VARIABLE = YES;
				IPHONEOS_DEPLOYMENT_TARGET = 13.5;
				MTL_ENABLE_DEBUG_INFO = INCLUDE_SOURCE;
				MTL_FAST_MATH = YES;
				ONLY_ACTIVE_ARCH = YES;
				SDKROOT = iphoneos;
				SWIFT_ACTIVE_COMPILATION_CONDITIONS = DEBUG;
				SWIFT_OPTIMIZATION_LEVEL = "-Onone";
			};
			name = Debug;
		};
		04769C7D24A1C009005A69E8 /* Release */ = {
			isa = XCBuildConfiguration;
			buildSettings = {
				ALWAYS_SEARCH_USER_PATHS = NO;
				CLANG_ANALYZER_NONNULL = YES;
				CLANG_ANALYZER_NUMBER_OBJECT_CONVERSION = YES_AGGRESSIVE;
				CLANG_CXX_LANGUAGE_STANDARD = "gnu++14";
				CLANG_CXX_LIBRARY = "libc++";
				CLANG_ENABLE_MODULES = YES;
				CLANG_ENABLE_OBJC_ARC = YES;
				CLANG_ENABLE_OBJC_WEAK = YES;
				CLANG_WARN_BLOCK_CAPTURE_AUTORELEASING = YES;
				CLANG_WARN_BOOL_CONVERSION = YES;
				CLANG_WARN_COMMA = YES;
				CLANG_WARN_CONSTANT_CONVERSION = YES;
				CLANG_WARN_DEPRECATED_OBJC_IMPLEMENTATIONS = YES;
				CLANG_WARN_DIRECT_OBJC_ISA_USAGE = YES_ERROR;
				CLANG_WARN_DOCUMENTATION_COMMENTS = YES;
				CLANG_WARN_EMPTY_BODY = YES;
				CLANG_WARN_ENUM_CONVERSION = YES;
				CLANG_WARN_INFINITE_RECURSION = YES;
				CLANG_WARN_INT_CONVERSION = YES;
				CLANG_WARN_NON_LITERAL_NULL_CONVERSION = YES;
				CLANG_WARN_OBJC_IMPLICIT_RETAIN_SELF = YES;
				CLANG_WARN_OBJC_LITERAL_CONVERSION = YES;
				CLANG_WARN_OBJC_ROOT_CLASS = YES_ERROR;
				CLANG_WARN_RANGE_LOOP_ANALYSIS = YES;
				CLANG_WARN_STRICT_PROTOTYPES = YES;
				CLANG_WARN_SUSPICIOUS_MOVE = YES;
				CLANG_WARN_UNGUARDED_AVAILABILITY = YES_AGGRESSIVE;
				CLANG_WARN_UNREACHABLE_CODE = YES;
				CLANG_WARN__DUPLICATE_METHOD_MATCH = YES;
				COPY_PHASE_STRIP = NO;
				DEBUG_INFORMATION_FORMAT = "dwarf-with-dsym";
				ENABLE_NS_ASSERTIONS = NO;
				ENABLE_STRICT_OBJC_MSGSEND = YES;
				GCC_C_LANGUAGE_STANDARD = gnu11;
				GCC_NO_COMMON_BLOCKS = YES;
				GCC_WARN_64_TO_32_BIT_CONVERSION = YES;
				GCC_WARN_ABOUT_RETURN_TYPE = YES_ERROR;
				GCC_WARN_UNDECLARED_SELECTOR = YES;
				GCC_WARN_UNINITIALIZED_AUTOS = YES_AGGRESSIVE;
				GCC_WARN_UNUSED_FUNCTION = YES;
				GCC_WARN_UNUSED_VARIABLE = YES;
				IPHONEOS_DEPLOYMENT_TARGET = 13.5;
				MTL_ENABLE_DEBUG_INFO = NO;
				MTL_FAST_MATH = YES;
				SDKROOT = iphoneos;
				SWIFT_COMPILATION_MODE = wholemodule;
				SWIFT_OPTIMIZATION_LEVEL = "-O";
				VALIDATE_PRODUCT = YES;
			};
			name = Release;
		};
		04769C7F24A1C009005A69E8 /* Debug */ = {
			isa = XCBuildConfiguration;
			baseConfigurationReference = D1C2D4B8465A64176309A042 /* Pods-Messaging App.debug.xcconfig */;
			buildSettings = {
				ASSETCATALOG_COMPILER_APPICON_NAME = AppIcon;
				CODE_SIGN_STYLE = Automatic;
				DEVELOPMENT_TEAM = 479D88RPDD;
				INFOPLIST_FILE = "Messaging App/Info.plist";
				LD_RUNPATH_SEARCH_PATHS = (
					"$(inherited)",
					"@executable_path/Frameworks",
				);
				PRODUCT_BUNDLE_IDENTIFIER = "com.yoshinobu.Messaging-App";
				PRODUCT_NAME = "$(TARGET_NAME)";
				SWIFT_VERSION = 5.0;
				TARGETED_DEVICE_FAMILY = "1,2";
			};
			name = Debug;
		};
		04769C8024A1C009005A69E8 /* Release */ = {
			isa = XCBuildConfiguration;
			baseConfigurationReference = F59C69455330E779A6B53605 /* Pods-Messaging App.release.xcconfig */;
			buildSettings = {
				ASSETCATALOG_COMPILER_APPICON_NAME = AppIcon;
				CODE_SIGN_STYLE = Automatic;
				DEVELOPMENT_TEAM = 479D88RPDD;
				INFOPLIST_FILE = "Messaging App/Info.plist";
				LD_RUNPATH_SEARCH_PATHS = (
					"$(inherited)",
					"@executable_path/Frameworks",
				);
				PRODUCT_BUNDLE_IDENTIFIER = "com.yoshinobu.Messaging-App";
				PRODUCT_NAME = "$(TARGET_NAME)";
				SWIFT_VERSION = 5.0;
				TARGETED_DEVICE_FAMILY = "1,2";
			};
			name = Release;
		};
/* End XCBuildConfiguration section */

/* Begin XCConfigurationList section */
		04769C6524A1C008005A69E8 /* Build configuration list for PBXProject "Messaging App" */ = {
			isa = XCConfigurationList;
			buildConfigurations = (
				04769C7C24A1C009005A69E8 /* Debug */,
				04769C7D24A1C009005A69E8 /* Release */,
			);
			defaultConfigurationIsVisible = 0;
			defaultConfigurationName = Release;
		};
		04769C7E24A1C009005A69E8 /* Build configuration list for PBXNativeTarget "Messaging App" */ = {
			isa = XCConfigurationList;
			buildConfigurations = (
				04769C7F24A1C009005A69E8 /* Debug */,
				04769C8024A1C009005A69E8 /* Release */,
			);
			defaultConfigurationIsVisible = 0;
			defaultConfigurationName = Release;
		};
/* End XCConfigurationList section */
	};
	rootObject = 04769C6224A1C008005A69E8 /* Project object */;
}
